# THIS IS AN AUTOGENERATED FILE. DO NOT EDIT THIS FILE DIRECTLY.
# yarn lockfile v1


"@fortawesome/fontawesome-common-types@6.7.2":
  version "6.7.2"
  resolved "https://registry.yarnpkg.com/@fortawesome/fontawesome-common-types/-/fontawesome-common-types-6.7.2.tgz#7123d74b0c1e726794aed1184795dbce12186470"
  integrity sha512-Zs+YeHUC5fkt7Mg1l6XTniei3k4bwG/yo3iFUtZWd/pMx9g3fdvkSK9E0FOC+++phXOka78uJcYb8JaFkW52Xg==

"@fortawesome/fontawesome-free@^6.7.2":
  version "6.7.2"
  resolved "https://registry.yarnpkg.com/@fortawesome/fontawesome-free/-/fontawesome-free-6.7.2.tgz#8249de9b7e22fcb3ceb5e66090c30a1d5492b81a"
  integrity sha512-JUOtgFW6k9u4Y+xeIaEiLr3+cjoUPiAuLXoyKOJSia6Duzb7pq+A76P9ZdPDoAoxHdHzq6gE9/jKBGXlZT8FbA==

"@fortawesome/fontawesome-svg-core@^6.7.2":
  version "6.7.2"
  resolved "https://registry.yarnpkg.com/@fortawesome/fontawesome-svg-core/-/fontawesome-svg-core-6.7.2.tgz#0ac6013724d5cc327c1eb81335b91300a4fce2f2"
  integrity sha512-yxtOBWDrdi5DD5o1pmVdq3WMCvnobT0LU6R8RyyVXPvFRd2o79/0NCuQoCjNTeZz9EzA9xS3JxNWfv54RIHFEA==
  dependencies:
    "@fortawesome/fontawesome-common-types" "6.7.2"

"@fortawesome/free-solid-svg-icons@^6.7.2":
  version "6.7.2"
  resolved "https://registry.yarnpkg.com/@fortawesome/free-solid-svg-icons/-/free-solid-svg-icons-6.7.2.tgz#fe25883b5eb8464a82918599950d283c465b57f6"
  integrity sha512-GsBrnOzU8uj0LECDfD5zomZJIjrPhIlWU82AHwa2s40FKH+kcxQaBvBo3Z4TxyZHIyX8XTDxsyA33/Vx9eFuQA==
  dependencies:
    "@fortawesome/fontawesome-common-types" "6.7.2"

"@fortawesome/vue-fontawesome@^3.0.8":
  version "3.0.8"
  resolved "https://registry.yarnpkg.com/@fortawesome/vue-fontawesome/-/vue-fontawesome-3.0.8.tgz#1e8032df151173d8174ac9f5a28da3c0f5a495e4"
  integrity sha512-yyHHAj4G8pQIDfaIsMvQpwKMboIZtcHTUvPqXjOHyldh1O1vZfH4W03VDPv5RvI9P6DLTzJQlmVgj9wCf7c2Fw==

vue3-carousel@0.1.38:
  version "0.1.38"
  resolved "https://registry.yarnpkg.com/vue3-carousel/-/vue3-carousel-0.1.38.tgz#dbd832ef7eb936d1e699cabc83d34472787174f2"
  integrity sha512-mTWvlyFIu2QqnMbHiphdJWKRBaPHG8oXr5fcRWjvnPwcQ3XCpI9/FLDI/l1vVBCs13hBSuKp/kYleuxs2WOoKA==
